// !$*UTF8*$!
{
	archiveVersion = 1;
	classes = {
	};
	objectVersion = 46;
	objects = {

/* Begin PBXBuildFile section */
		FE23FE281E1EEF9B0045870B /* Main.storyboard in Resources */ = {isa = PBXBuildFile; fileRef = FE23FE271E1EEF9B0045870B /* Main.storyboard */; };
		FE6F96151E1941480066F400 /* AppDelegate.swift in Sources */ = {isa = PBXBuildFile; fileRef = FE6F96141E1941480066F400 /* AppDelegate.swift */; };
		FE6F96171E1941480066F400 /* ViewController.swift in Sources */ = {isa = PBXBuildFile; fileRef = FE6F96161E1941480066F400 /* ViewController.swift */; };
		FE6F961D1E1941480066F400 /* TaskGestion.xcdatamodeld in Sources */ = {isa = PBXBuildFile; fileRef = FE6F961B1E1941480066F400 /* TaskGestion.xcdatamodeld */; };
		FE6F961F1E1941480066F400 /* Assets.xcassets in Resources */ = {isa = PBXBuildFile; fileRef = FE6F961E1E1941480066F400 /* Assets.xcassets */; };
		FE6F96221E1941490066F400 /* LaunchScreen.storyboard in Resources */ = {isa = PBXBuildFile; fileRef = FE6F96201E1941490066F400 /* LaunchScreen.storyboard */; };
		FE6F962A1E19438E0066F400 /* TodosTableViewController.swift in Sources */ = {isa = PBXBuildFile; fileRef = FE6F96291E19438E0066F400 /* TodosTableViewController.swift */; };
/* End PBXBuildFile section */

/* Begin PBXFileReference section */
		FE23FE271E1EEF9B0045870B /* Main.storyboard */ = {isa = PBXFileReference; fileEncoding = 4; lastKnownFileType = file.storyboard; path = Main.storyboard; sourceTree = "<group>"; };
		FE6F96111E1941480066F400 /* TaskGestion.app */ = {isa = PBXFileReference; explicitFileType = wrapper.application; includeInIndex = 0; path = TaskGestion.app; sourceTree = BUILT_PRODUCTS_DIR; };
		FE6F96141E1941480066F400 /* AppDelegate.swift */ = {isa = PBXFileReference; lastKnownFileType = sourcecode.swift; path = AppDelegate.swift; sourceTree = "<group>"; };
		FE6F96161E1941480066F400 /* ViewController.swift */ = {isa = PBXFileReference; lastKnownFileType = sourcecode.swift; path = ViewController.swift; sourceTree = "<group>"; };
		FE6F961C1E1941480066F400 /* TaskGestion.xcdatamodel */ = {isa = PBXFileReference; lastKnownFileType = wrapper.xcdatamodel; path = TaskGestion.xcdatamodel; sourceTree = "<group>"; };
		FE6F961E1E1941480066F400 /* Assets.xcassets */ = {isa = PBXFileReference; lastKnownFileType = folder.assetcatalog; path = Assets.xcassets; sourceTree = "<group>"; };
		FE6F96211E1941490066F400 /* Base */ = {isa = PBXFileReference; lastKnownFileType = file.storyboard; name = Base; path = Base.lproj/LaunchScreen.storyboard; sourceTree = "<group>"; };
		FE6F96231E1941490066F400 /* Info.plist */ = {isa = PBXFileReference; lastKnownFileType = text.plist.xml; path = Info.plist; sourceTree = "<group>"; };
		FE6F96291E19438E0066F400 /* TodosTableViewController.swift */ = {isa = PBXFileReference; fileEncoding = 4; lastKnownFileType = sourcecode.swift; path = TodosTableViewController.swift; sourceTree = "<group>"; };
/* End PBXFileReference section */

/* Begin PBXFrameworksBuildPhase section */
		FE6F960E1E1941480066F400 /* Frameworks */ = {
			isa = PBXFrameworksBuildPhase;
			buildActionMask = 2147483647;
			files = (
			);
			runOnlyForDeploymentPostprocessing = 0;
		};
/* End PBXFrameworksBuildPhase section */

/* Begin PBXGroup section */
		FE6F96081E1941480066F400 = {
			isa = PBXGroup;
			children = (
				FE6F96131E1941480066F400 /* TaskGestion */,
				FE6F96121E1941480066F400 /* Products */,
			);
			sourceTree = "<group>";
		};
		FE6F96121E1941480066F400 /* Products */ = {
			isa = PBXGroup;
			children = (
				FE6F96111E1941480066F400 /* TaskGestion.app */,
			);
			name = Products;
			sourceTree = "<group>";
		};
		FE6F96131E1941480066F400 /* TaskGestion */ = {
			isa = PBXGroup;
			children = (
				FE6F96141E1941480066F400 /* AppDelegate.swift */,
				FE6F96161E1941480066F400 /* ViewController.swift */,
				FE6F96291E19438E0066F400 /* TodosTableViewController.swift */,
				FE23FE271E1EEF9B0045870B /* Main.storyboard */,
				FE6F961E1E1941480066F400 /* Assets.xcassets */,
				FE6F96201E1941490066F400 /* LaunchScreen.storyboard */,
				FE6F96231E1941490066F400 /* Info.plist */,
				FE6F961B1E1941480066F400 /* TaskGestion.xcdatamodeld */,
			);
			path = TaskGestion;
			sourceTree = "<group>";
		};
/* End PBXGroup section */

/* Begin PBXNativeTarget section */
		FE6F96101E1941480066F400 /* TaskGestion */ = {
			isa = PBXNativeTarget;
			buildConfigurationList = FE6F96261E1941490066F400 /* Build configuration list for PBXNativeTarget "TaskGestion" */;
			buildPhases = (
				FE6F960D1E1941480066F400 /* Sources */,
				FE6F960E1E1941480066F400 /* Frameworks */,
				FE6F960F1E1941480066F400 /* Resources */,
			);
			buildRules = (
			);
			dependencies = (
			);
			name = TaskGestion;
			productName = TaskGestion;
			productReference = FE6F96111E1941480066F400 /* TaskGestion.app */;
			productType = "com.apple.product-type.application";
		};
/* End PBXNativeTarget section */

/* Begin PBXProject section */
		FE6F96091E1941480066F400 /* Project object */ = {
			isa = PBXProject;
			attributes = {
				LastSwiftUpdateCheck = 0810;
				LastUpgradeCheck = 0820;
				ORGANIZATIONNAME = "Auriles El Haddad";
				TargetAttributes = {
					FE6F96101E1941480066F400 = {
						CreatedOnToolsVersion = 8.1;
						DevelopmentTeam = W4M562WFQX;
						ProvisioningStyle = Automatic;
					};
				};
			};
			buildConfigurationList = FE6F960C1E1941480066F400 /* Build configuration list for PBXProject "TaskGestion" */;
			compatibilityVersion = "Xcode 3.2";
			developmentRegion = English;
			hasScannedForEncodings = 0;
			knownRegions = (
				en,
				Base,
			);
			mainGroup = FE6F96081E1941480066F400;
			productRefGroup = FE6F96121E1941480066F400 /* Products */;
			projectDirPath = "";
			projectRoot = "";
			targets = (
				FE6F96101E1941480066F400 /* TaskGestion */,
			);
		};
/* End PBXProject section */

/* Begin PBXResourcesBuildPhase section */
		FE6F960F1E1941480066F400 /* Resources */ = {
			isa = PBXResourcesBuildPhase;
			buildActionMask = 2147483647;
			files = (
				FE6F96221E1941490066F400 /* LaunchScreen.storyboard in Resources */,
				FE6F961F1E1941480066F400 /* Assets.xcassets in Resources */,
				FE23FE281E1EEF9B0045870B /* Main.storyboard in Resources */,
			);
			runOnlyForDeploymentPostprocessing = 0;
		};
/* End PBXResourcesBuildPhase section */

/* Begin PBXSourcesBuildPhase section */
		FE6F960D1E1941480066F400 /* Sources */ = {
			isa = PBXSourcesBuildPhase;
			buildActionMask = 2147483647;
			files = (
				FE6F96171E1941480066F400 /* ViewController.swift in Sources */,
				FE6F962A1E19438E0066F400 /* TodosTableViewController.swift in Sources */,
				FE6F96151E1941480066F400 /* AppDelegate.swift in Sources */,
				FE6F961D1E1941480066F400 /* TaskGestion.xcdatamodeld in Sources */,
			);
			runOnlyForDeploymentPostprocessing = 0;
		};
/* End PBXSourcesBuildPhase section */

/* Begin PBXVariantGroup section */
		FE6F96201E1941490066F400 /* LaunchScreen.storyboard */ = {
			isa = PBXVariantGroup;
			children = (
				FE6F96211E1941490066F400 /* Base */,
			);
			name = LaunchScreen.storyboard;
			sourceTree = "<group>";
		};
/* End PBXVariantGroup section */

/* Begin XCBuildConfiguration section */
		FE6F96241E1941490066F400 /* Debug */ = {
			isa = XCBuildConfiguration;
			buildSettings = {
				ALWAYS_SEARCH_USER_PATHS = NO;
				CLANG_ANALYZER_NONNULL = YES;
				CLANG_CXX_LANGUAGE_STANDARD = "gnu++0x";
				CLANG_CXX_LIBRARY = "libc++";
				CLANG_ENABLE_MODULES = YES;
				CLANG_ENABLE_OBJC_ARC = YES;
				CLANG_WARN_BOOL_CONVERSION = YES;
				CLANG_WARN_CONSTANT_CONVERSION = YES;
				CLANG_WARN_DIRECT_OBJC_ISA_USAGE = YES_ERROR;
				CLANG_WARN_DOCUMENTATION_COMMENTS = YES;
				CLANG_WARN_EMPTY_BODY = YES;
				CLANG_WARN_ENUM_CONVERSION = YES;
				CLANG_WARN_INFINITE_RECURSION = YES;
				CLANG_WARN_INT_CONVERSION = YES;
				CLANG_WARN_OBJC_ROOT_CLASS = YES_ERROR;
				CLANG_WARN_SUSPICIOUS_MOVE = YES;
				CLANG_WARN_SUSPICIOUS_MOVES = YES;
				CLANG_WARN_UNREACHABLE_CODE = YES;
				CLANG_WARN__DUPLICATE_METHOD_MATCH = YES;
				"CODE_SIGN_IDENTITY[sdk=iphoneos*]" = "iPhone Developer";
				COPY_PHASE_STRIP = NO;
				DEBUG_INFORMATION_FORMAT = dwarf;
				ENABLE_STRICT_OBJC_MSGSEND = YES;
				ENABLE_TESTABILITY = YES;
				GCC_C_LANGUAGE_STANDARD = gnu99;
				GCC_DYNAMIC_NO_PIC = NO;
				GCC_NO_COMMON_BLOCKS = YES;
				GCC_OPTIMIZATION_LEVEL = 0;
				GCC_PREPROCESSOR_DEFINITIONS = (
					"DEBUG=1",
					"$(inherited)",
				);
				GCC_WARN_64_TO_32_BIT_CONVERSION = YES;
				GCC_WARN_ABOUT_RETURN_TYPE = YES_ERROR;
				GCC_WARN_UNDECLARED_SELECTOR = YES;
				GCC_WARN_UNINITIALIZED_AUTOS = YES_AGGRESSIVE;
				GCC_WARN_UNUSED_FUNCTION = YES;
				GCC_WARN_UNUSED_VARIABLE = YES;
				IPHONEOS_DEPLOYMENT_TARGET = 10.1;
				MTL_ENABLE_DEBUG_INFO = YES;
				ONLY_ACTIVE_ARCH = YES;
				SDKROOT = iphoneos;
				SWIFT_ACTIVE_COMPILATION_CONDITIONS = DEBUG;
				SWIFT_OPTIMIZATION_LEVEL = "-Onone";
				TARGETED_DEVICE_FAMILY = "1,2";
			};
			name = Debug;
		};
		FE6F96251E1941490066F400 /* Release */ = {
			isa = XCBuildConfiguration;
			buildSettings = {
				ALWAYS_SEARCH_USER_PATHS = NO;
				CLANG_ANALYZER_NONNULL = YES;
				CLANG_CXX_LANGUAGE_STANDARD = "gnu++0x";
				CLANG_CXX_LIBRARY = "libc++";
				CLANG_ENABLE_MODULES = YES;
				CLANG_ENABLE_OBJC_ARC = YES;
				CLANG_WARN_BOOL_CONVERSION = YES;
				CLANG_WARN_CONSTANT_CONVERSION = YES;
				CLANG_WARN_DIRECT_OBJC_ISA_USAGE = YES_ERROR;
				CLANG_WARN_DOCUMENTATION_COMMENTS = YES;
				CLANG_WARN_EMPTY_BODY = YES;
				CLANG_WARN_ENUM_CONVERSION = YES;
				CLANG_WARN_INFINITE_RECURSION = YES;
				CLANG_WARN_INT_CONVERSION = YES;
				CLANG_WARN_OBJC_ROOT_CLASS = YES_ERROR;
				CLANG_WARN_SUSPICIOUS_MOVE = YES;
				CLANG_WARN_SUSPICIOUS_MOVES = YES;
				CLANG_WARN_UNREACHABLE_CODE = YES;
				CLANG_WARN__DUPLICATE_METHOD_MATCH = YES;
				"CODE_SIGN_IDENTITY[sdk=iphoneos*]" = "iPhone Developer";
				COPY_PHASE_STRIP = NO;
				DEBUG_INFORMATION_FORMAT = "dwarf-with-dsym";
				ENABLE_NS_ASSERTIONS = NO;
				ENABLE_STRICT_OBJC_MSGSEND = YES;
				GCC_C_LANGUAGE_STANDARD = gnu99;
				GCC_NO_COMMON_BLOCKS = YES;
				GCC_WARN_64_TO_32_BIT_CONVERSION = YES;
				GCC_WARN_ABOUT_RETURN_TYPE = YES_ERROR;
				GCC_WARN_UNDECLARED_SELECTOR = YES;
				GCC_WARN_UNINITIALIZED_AUTOS = YES_AGGRESSIVE;
				GCC_WARN_UNUSED_FUNCTION = YES;
				GCC_WARN_UNUSED_VARIABLE = YES;
				IPHONEOS_DEPLOYMENT_TARGET = 10.1;
				MTL_ENABLE_DEBUG_INFO = NO;
				SDKROOT = iphoneos;
				SWIFT_OPTIMIZATION_LEVEL = "-Owholemodule";
				TARGETED_DEVICE_FAMILY = "1,2";
				VALIDATE_PRODUCT = YES;
			};
			name = Release;
		};
		FE6F96271E1941490066F400 /* Debug */ = {
			isa = XCBuildConfiguration;
			buildSettings = {
				ASSETCATALOG_COMPILER_APPICON_NAME = AppIcon;
				DEVELOPMENT_TEAM = W4M562WFQX;
				INFOPLIST_FILE = TaskGestion/Info.plist;
				LD_RUNPATH_SEARCH_PATHS = "$(inherited) @executable_path/Frameworks";
				PRODUCT_BUNDLE_IDENTIFIER = personnel.TaskGestion;
				PRODUCT_NAME = "$(TARGET_NAME)";
				SWIFT_VERSION = 3.0;
			};
			name = Debug;
		};
		FE6F96281E1941490066F400 /* Release */ = {
			isa = XCBuildConfiguration;
			buildSettings = {
				ASSETCATALOG_COMPILER_APPICON_NAME = AppIcon;
				DEVELOPMENT_TEAM = W4M562WFQX;
				INFOPLIST_FILE = TaskGestion/Info.plist;
				LD_RUNPATH_SEARCH_PATHS = "$(inherited) @executable_path/Frameworks";
				PRODUCT_BUNDLE_IDENTIFIER = personnel.TaskGestion;
				PRODUCT_NAME = "$(TARGET_NAME)";
				SWIFT_VERSION = 3.0;
			};
			name = Release;
		};
/* End XCBuildConfiguration section */

/* Begin XCConfigurationList section */
		FE6F960C1E1941480066F400 /* Build configuration list for PBXProject "TaskGestion" */ = {
			isa = XCConfigurationList;
			buildConfigurations = (
				FE6F96241E1941490066F400 /* Debug */,
				FE6F96251E1941490066F400 /* Release */,
			);
			defaultConfigurationIsVisible = 0;
			defaultConfigurationName = Release;
		};
		FE6F96261E1941490066F400 /* Build configuration list for PBXNativeTarget "TaskGestion" */ = {
			isa = XCConfigurationList;
			buildConfigurations = (
				FE6F96271E1941490066F400 /* Debug */,
				FE6F96281E1941490066F400 /* Release */,
			);
			defaultConfigurationIsVisible = 0;
			defaultConfigurationName = Release;
		};
/* End XCConfigurationList section */

/* Begin XCVersionGroup section */
		FE6F961B1E1941480066F400 /* TaskGestion.xcdatamodeld */ = {
			isa = XCVersionGroup;
			children = (
				FE6F961C1E1941480066F400 /* TaskGestion.xcdatamodel */,
			);
			currentVersion = FE6F961C1E1941480066F400 /* TaskGestion.xcdatamodel */;
			path = TaskGestion.xcdatamodeld;
			sourceTree = "<group>";
			versionGroupType = wrapper.xcdatamodel;
		};
/* End XCVersionGroup section */
	};
	rootObject = FE6F96091E1941480066F400 /* Project object */;
}
