// !$*UTF8*$!
{
	archiveVersion = 1;
	classes = {
	};
	objectVersion = 46;
	objects = {

/* Begin PBXBuildFile section */
		FE1FBEB31E27C6830001FB35 /* AppDelegate.swift in Sources */ = {isa = PBXBuildFile; fileRef = FE1FBEB21E27C6830001FB35 /* AppDelegate.swift */; };
		FE1FBEB51E27C6830001FB35 /* ViewController.swift in Sources */ = {isa = PBXBuildFile; fileRef = FE1FBEB41E27C6830001FB35 /* ViewController.swift */; };
		FE1FBEB81E27C6830001FB35 /* Main.storyboard in Resources */ = {isa = PBXBuildFile; fileRef = FE1FBEB61E27C6830001FB35 /* Main.storyboard */; };
		FE1FBEBA1E27C6830001FB35 /* Assets.xcassets in Resources */ = {isa = PBXBuildFile; fileRef = FE1FBEB91E27C6830001FB35 /* Assets.xcassets */; };
		FE1FBEBD1E27C6830001FB35 /* LaunchScreen.storyboard in Resources */ = {isa = PBXBuildFile; fileRef = FE1FBEBB1E27C6830001FB35 /* LaunchScreen.storyboard */; };
		FE1FBEC61E27C70C0001FB35 /* casino_gold.png in Resources */ = {isa = PBXBuildFile; fileRef = FE1FBEC41E27C70C0001FB35 /* casino_gold.png */; };
		FE1FBEC71E27C70C0001FB35 /* winSoundEffect.mp3 in Resources */ = {isa = PBXBuildFile; fileRef = FE1FBEC51E27C70C0001FB35 /* winSoundEffect.mp3 */; };
/* End PBXBuildFile section */

/* Begin PBXFileReference section */
		FE1FBEAF1E27C6830001FB35 /* LasVegasCasino.app */ = {isa = PBXFileReference; explicitFileType = wrapper.application; includeInIndex = 0; path = LasVegasCasino.app; sourceTree = BUILT_PRODUCTS_DIR; };
		FE1FBEB21E27C6830001FB35 /* AppDelegate.swift */ = {isa = PBXFileReference; lastKnownFileType = sourcecode.swift; path = AppDelegate.swift; sourceTree = "<group>"; };
		FE1FBEB41E27C6830001FB35 /* ViewController.swift */ = {isa = PBXFileReference; lastKnownFileType = sourcecode.swift; path = ViewController.swift; sourceTree = "<group>"; };
		FE1FBEB71E27C6830001FB35 /* Base */ = {isa = PBXFileReference; lastKnownFileType = file.storyboard; name = Base; path = Base.lproj/Main.storyboard; sourceTree = "<group>"; };
		FE1FBEB91E27C6830001FB35 /* Assets.xcassets */ = {isa = PBXFileReference; lastKnownFileType = folder.assetcatalog; path = Assets.xcassets; sourceTree = "<group>"; };
		FE1FBEBC1E27C6830001FB35 /* Base */ = {isa = PBXFileReference; lastKnownFileType = file.storyboard; name = Base; path = Base.lproj/LaunchScreen.storyboard; sourceTree = "<group>"; };
		FE1FBEBE1E27C6830001FB35 /* Info.plist */ = {isa = PBXFileReference; lastKnownFileType = text.plist.xml; path = Info.plist; sourceTree = "<group>"; };
		FE1FBEC41E27C70C0001FB35 /* casino_gold.png */ = {isa = PBXFileReference; lastKnownFileType = image.png; path = casino_gold.png; sourceTree = "<group>"; };
		FE1FBEC51E27C70C0001FB35 /* winSoundEffect.mp3 */ = {isa = PBXFileReference; lastKnownFileType = audio.mp3; path = winSoundEffect.mp3; sourceTree = "<group>"; };
/* End PBXFileReference section */

/* Begin PBXFrameworksBuildPhase section */
		FE1FBEAC1E27C6830001FB35 /* Frameworks */ = {
			isa = PBXFrameworksBuildPhase;
			buildActionMask = 2147483647;
			files = (
			);
			runOnlyForDeploymentPostprocessing = 0;
		};
/* End PBXFrameworksBuildPhase section */

/* Begin PBXGroup section */
		FE1FBEA61E27C6830001FB35 = {
			isa = PBXGroup;
			children = (
				FE1FBEB11E27C6830001FB35 /* LasVegasCasino */,
				FE1FBEB01E27C6830001FB35 /* Products */,
			);
			sourceTree = "<group>";
		};
		FE1FBEB01E27C6830001FB35 /* Products */ = {
			isa = PBXGroup;
			children = (
				FE1FBEAF1E27C6830001FB35 /* LasVegasCasino.app */,
			);
			name = Products;
			sourceTree = "<group>";
		};
		FE1FBEB11E27C6830001FB35 /* LasVegasCasino */ = {
			isa = PBXGroup;
			children = (
				FE1FBEC81E27C72D0001FB35 /* Assets */,
				FE1FBEB21E27C6830001FB35 /* AppDelegate.swift */,
				FE1FBEB41E27C6830001FB35 /* ViewController.swift */,
				FE1FBEB61E27C6830001FB35 /* Main.storyboard */,
				FE1FBEB91E27C6830001FB35 /* Assets.xcassets */,
				FE1FBEBB1E27C6830001FB35 /* LaunchScreen.storyboard */,
				FE1FBEBE1E27C6830001FB35 /* Info.plist */,
			);
			path = LasVegasCasino;
			sourceTree = "<group>";
		};
		FE1FBEC81E27C72D0001FB35 /* Assets */ = {
			isa = PBXGroup;
			children = (
				FE1FBEC41E27C70C0001FB35 /* casino_gold.png */,
				FE1FBEC51E27C70C0001FB35 /* winSoundEffect.mp3 */,
			);
			name = Assets;
			sourceTree = "<group>";
		};
/* End PBXGroup section */

/* Begin PBXNativeTarget section */
		FE1FBEAE1E27C6830001FB35 /* LasVegasCasino */ = {
			isa = PBXNativeTarget;
			buildConfigurationList = FE1FBEC11E27C6830001FB35 /* Build configuration list for PBXNativeTarget "LasVegasCasino" */;
			buildPhases = (
				FE1FBEAB1E27C6830001FB35 /* Sources */,
				FE1FBEAC1E27C6830001FB35 /* Frameworks */,
				FE1FBEAD1E27C6830001FB35 /* Resources */,
			);
			buildRules = (
			);
			dependencies = (
			);
			name = LasVegasCasino;
			productName = LasVegasCasino;
			productReference = FE1FBEAF1E27C6830001FB35 /* LasVegasCasino.app */;
			productType = "com.apple.product-type.application";
		};
/* End PBXNativeTarget section */

/* Begin PBXProject section */
		FE1FBEA71E27C6830001FB35 /* Project object */ = {
			isa = PBXProject;
			attributes = {
				LastSwiftUpdateCheck = 0820;
				LastUpgradeCheck = 0820;
				ORGANIZATIONNAME = "Auriles El Haddad";
				TargetAttributes = {
					FE1FBEAE1E27C6830001FB35 = {
						CreatedOnToolsVersion = 8.2.1;
						DevelopmentTeam = W4M562WFQX;
						ProvisioningStyle = Automatic;
					};
				};
			};
			buildConfigurationList = FE1FBEAA1E27C6830001FB35 /* Build configuration list for PBXProject "LasVegasCasino" */;
			compatibilityVersion = "Xcode 3.2";
			developmentRegion = English;
			hasScannedForEncodings = 0;
			knownRegions = (
				en,
				Base,
			);
			mainGroup = FE1FBEA61E27C6830001FB35;
			productRefGroup = FE1FBEB01E27C6830001FB35 /* Products */;
			projectDirPath = "";
			projectRoot = "";
			targets = (
				FE1FBEAE1E27C6830001FB35 /* LasVegasCasino */,
			);
		};
/* End PBXProject section */

/* Begin PBXResourcesBuildPhase section */
		FE1FBEAD1E27C6830001FB35 /* Resources */ = {
			isa = PBXResourcesBuildPhase;
			buildActionMask = 2147483647;
			files = (
				FE1FBEC61E27C70C0001FB35 /* casino_gold.png in Resources */,
				FE1FBEBD1E27C6830001FB35 /* LaunchScreen.storyboard in Resources */,
				FE1FBEBA1E27C6830001FB35 /* Assets.xcassets in Resources */,
				FE1FBEC71E27C70C0001FB35 /* winSoundEffect.mp3 in Resources */,
				FE1FBEB81E27C6830001FB35 /* Main.storyboard in Resources */,
			);
			runOnlyForDeploymentPostprocessing = 0;
		};
/* End PBXResourcesBuildPhase section */

/* Begin PBXSourcesBuildPhase section */
		FE1FBEAB1E27C6830001FB35 /* Sources */ = {
			isa = PBXSourcesBuildPhase;
			buildActionMask = 2147483647;
			files = (
				FE1FBEB51E27C6830001FB35 /* ViewController.swift in Sources */,
				FE1FBEB31E27C6830001FB35 /* AppDelegate.swift in Sources */,
			);
			runOnlyForDeploymentPostprocessing = 0;
		};
/* End PBXSourcesBuildPhase section */

/* Begin PBXVariantGroup section */
		FE1FBEB61E27C6830001FB35 /* Main.storyboard */ = {
			isa = PBXVariantGroup;
			children = (
				FE1FBEB71E27C6830001FB35 /* Base */,
			);
			name = Main.storyboard;
			sourceTree = "<group>";
		};
		FE1FBEBB1E27C6830001FB35 /* LaunchScreen.storyboard */ = {
			isa = PBXVariantGroup;
			children = (
				FE1FBEBC1E27C6830001FB35 /* Base */,
			);
			name = LaunchScreen.storyboard;
			sourceTree = "<group>";
		};
/* End PBXVariantGroup section */

/* Begin XCBuildConfiguration section */
		FE1FBEBF1E27C6830001FB35 /* Debug */ = {
			isa = XCBuildConfiguration;
			buildSettings = {
				ALWAYS_SEARCH_USER_PATHS = NO;
				CLANG_ANALYZER_NONNULL = YES;
				CLANG_CXX_LANGUAGE_STANDARD = "gnu++0x";
				CLANG_CXX_LIBRARY = "libc++";
				CLANG_ENABLE_MODULES = YES;
				CLANG_ENABLE_OBJC_ARC = YES;
				CLANG_WARN_BOOL_CONVERSION = YES;
				CLANG_WARN_CONSTANT_CONVERSION = YES;
				CLANG_WARN_DIRECT_OBJC_ISA_USAGE = YES_ERROR;
				CLANG_WARN_DOCUMENTATION_COMMENTS = YES;
				CLANG_WARN_EMPTY_BODY = YES;
				CLANG_WARN_ENUM_CONVERSION = YES;
				CLANG_WARN_INFINITE_RECURSION = YES;
				CLANG_WARN_INT_CONVERSION = YES;
				CLANG_WARN_OBJC_ROOT_CLASS = YES_ERROR;
				CLANG_WARN_SUSPICIOUS_MOVE = YES;
				CLANG_WARN_UNREACHABLE_CODE = YES;
				CLANG_WARN__DUPLICATE_METHOD_MATCH = YES;
				"CODE_SIGN_IDENTITY[sdk=iphoneos*]" = "iPhone Developer";
				COPY_PHASE_STRIP = NO;
				DEBUG_INFORMATION_FORMAT = dwarf;
				ENABLE_STRICT_OBJC_MSGSEND = YES;
				ENABLE_TESTABILITY = YES;
				GCC_C_LANGUAGE_STANDARD = gnu99;
				GCC_DYNAMIC_NO_PIC = NO;
				GCC_NO_COMMON_BLOCKS = YES;
				GCC_OPTIMIZATION_LEVEL = 0;
				GCC_PREPROCESSOR_DEFINITIONS = (
					"DEBUG=1",
					"$(inherited)",
				);
				GCC_WARN_64_TO_32_BIT_CONVERSION = YES;
				GCC_WARN_ABOUT_RETURN_TYPE = YES_ERROR;
				GCC_WARN_UNDECLARED_SELECTOR = YES;
				GCC_WARN_UNINITIALIZED_AUTOS = YES_AGGRESSIVE;
				GCC_WARN_UNUSED_FUNCTION = YES;
				GCC_WARN_UNUSED_VARIABLE = YES;
				IPHONEOS_DEPLOYMENT_TARGET = 10.2;
				MTL_ENABLE_DEBUG_INFO = YES;
				ONLY_ACTIVE_ARCH = YES;
				SDKROOT = iphoneos;
				SWIFT_ACTIVE_COMPILATION_CONDITIONS = DEBUG;
				SWIFT_OPTIMIZATION_LEVEL = "-Onone";
				TARGETED_DEVICE_FAMILY = "1,2";
			};
			name = Debug;
		};
		FE1FBEC01E27C6830001FB35 /* Release */ = {
			isa = XCBuildConfiguration;
			buildSettings = {
				ALWAYS_SEARCH_USER_PATHS = NO;
				CLANG_ANALYZER_NONNULL = YES;
				CLANG_CXX_LANGUAGE_STANDARD = "gnu++0x";
				CLANG_CXX_LIBRARY = "libc++";
				CLANG_ENABLE_MODULES = YES;
				CLANG_ENABLE_OBJC_ARC = YES;
				CLANG_WARN_BOOL_CONVERSION = YES;
				CLANG_WARN_CONSTANT_CONVERSION = YES;
				CLANG_WARN_DIRECT_OBJC_ISA_USAGE = YES_ERROR;
				CLANG_WARN_DOCUMENTATION_COMMENTS = YES;
				CLANG_WARN_EMPTY_BODY = YES;
				CLANG_WARN_ENUM_CONVERSION = YES;
				CLANG_WARN_INFINITE_RECURSION = YES;
				CLANG_WARN_INT_CONVERSION = YES;
				CLANG_WARN_OBJC_ROOT_CLASS = YES_ERROR;
				CLANG_WARN_SUSPICIOUS_MOVE = YES;
				CLANG_WARN_UNREACHABLE_CODE = YES;
				CLANG_WARN__DUPLICATE_METHOD_MATCH = YES;
				"CODE_SIGN_IDENTITY[sdk=iphoneos*]" = "iPhone Developer";
				COPY_PHASE_STRIP = NO;
				DEBUG_INFORMATION_FORMAT = "dwarf-with-dsym";
				ENABLE_NS_ASSERTIONS = NO;
				ENABLE_STRICT_OBJC_MSGSEND = YES;
				GCC_C_LANGUAGE_STANDARD = gnu99;
				GCC_NO_COMMON_BLOCKS = YES;
				GCC_WARN_64_TO_32_BIT_CONVERSION = YES;
				GCC_WARN_ABOUT_RETURN_TYPE = YES_ERROR;
				GCC_WARN_UNDECLARED_SELECTOR = YES;
				GCC_WARN_UNINITIALIZED_AUTOS = YES_AGGRESSIVE;
				GCC_WARN_UNUSED_FUNCTION = YES;
				GCC_WARN_UNUSED_VARIABLE = YES;
				IPHONEOS_DEPLOYMENT_TARGET = 10.2;
				MTL_ENABLE_DEBUG_INFO = NO;
				SDKROOT = iphoneos;
				SWIFT_OPTIMIZATION_LEVEL = "-Owholemodule";
				TARGETED_DEVICE_FAMILY = "1,2";
				VALIDATE_PRODUCT = YES;
			};
			name = Release;
		};
		FE1FBEC21E27C6830001FB35 /* Debug */ = {
			isa = XCBuildConfiguration;
			buildSettings = {
				ASSETCATALOG_COMPILER_APPICON_NAME = AppIcon;
				DEVELOPMENT_TEAM = W4M562WFQX;
				INFOPLIST_FILE = LasVegasCasino/Info.plist;
				LD_RUNPATH_SEARCH_PATHS = "$(inherited) @executable_path/Frameworks";
				PRODUCT_BUNDLE_IDENTIFIER = personnel.LasVegasCasino;
				PRODUCT_NAME = "$(TARGET_NAME)";
				SWIFT_VERSION = 3.0;
			};
			name = Debug;
		};
		FE1FBEC31E27C6830001FB35 /* Release */ = {
			isa = XCBuildConfiguration;
			buildSettings = {
				ASSETCATALOG_COMPILER_APPICON_NAME = AppIcon;
				DEVELOPMENT_TEAM = W4M562WFQX;
				INFOPLIST_FILE = LasVegasCasino/Info.plist;
				LD_RUNPATH_SEARCH_PATHS = "$(inherited) @executable_path/Frameworks";
				PRODUCT_BUNDLE_IDENTIFIER = personnel.LasVegasCasino;
				PRODUCT_NAME = "$(TARGET_NAME)";
				SWIFT_VERSION = 3.0;
			};
			name = Release;
		};
/* End XCBuildConfiguration section */

/* Begin XCConfigurationList section */
		FE1FBEAA1E27C6830001FB35 /* Build configuration list for PBXProject "LasVegasCasino" */ = {
			isa = XCConfigurationList;
			buildConfigurations = (
				FE1FBEBF1E27C6830001FB35 /* Debug */,
				FE1FBEC01E27C6830001FB35 /* Release */,
			);
			defaultConfigurationIsVisible = 0;
			defaultConfigurationName = Release;
		};
		FE1FBEC11E27C6830001FB35 /* Build configuration list for PBXNativeTarget "LasVegasCasino" */ = {
			isa = XCConfigurationList;
			buildConfigurations = (
				FE1FBEC21E27C6830001FB35 /* Debug */,
				FE1FBEC31E27C6830001FB35 /* Release */,
			);
			defaultConfigurationIsVisible = 0;
		};
/* End XCConfigurationList section */
	};
	rootObject = FE1FBEA71E27C6830001FB35 /* Project object */;
}
